
Microsoft Visual Studio Solution File, Format Version 12.00
# Visual Studio 15
VisualStudioVersion = 15.0.28307.421
MinimumVisualStudioVersion = 10.0.40219.1
Project("{FAE04EC0-301F-11D3-BF4B-00C04F79EFBC}") = "ManageMetadata", "ManageMetadata\ManageMetadata.csproj", "{FF4EE09B-2FF0-4E9B-9D10-5C0D08280361}"
EndProject
Global
	GlobalSection(SolutionConfigurationPlatforms) = preSolution
		Debug|Any CPU = Debug|Any CPU
		Release|Any CPU = Release|Any CPU
	EndGlobalSection
	GlobalSection(ProjectConfigurationPlatforms) = postSolution
		{FF4EE09B-2FF0-4E9B-9D10-5C0D08280361}.Debug|Any CPU.ActiveCfg = Debug|Any CPU
		{FF4EE09B-2FF0-4E9B-9D10-5C0D08280361}.Debug|Any CPU.Build.0 = Debug|Any CPU
		{FF4EE09B-2FF0-4E9B-9D10-5C0D08280361}.Release|Any CPU.ActiveCfg = Release|Any CPU
		{FF4EE09B-2FF0-4E9B-9D10-5C0D08280361}.Release|Any CPU.Build.0 = Release|Any CPU
	EndGlobalSection
	GlobalSection(SolutionProperties) = preSolution
		HideSolutionNode = FALSE
	EndGlobalSection
	GlobalSection(ExtensibilityGlobals) = postSolution
		SolutionGuid = {317B527D-78F6-4D1E-8634-B79CC65D8020}
	EndGlobalSection
EndGlobal
